
Microsoft Visual Studio Solution File, Format Version 12.00
# Visual Studio Version 17
VisualStudioVersion = 17.4.33213.308
MinimumVisualStudioVersion = 10.0.40219.1
Project("{FAE04EC0-301F-11D3-BF4B-00C04F79EFBC}") = "machine", "machine\machine.csproj", "{7C476D01-8C99-46C1-9B2D-BB391D805361}"
EndProject
Global
	GlobalSection(SolutionConfigurationPlatforms) = preSolution
		Debug|Any CPU = Debug|Any CPU
		Release|Any CPU = Release|Any CPU
	EndGlobalSection
	GlobalSection(ProjectConfigurationPlatforms) = postSolution
		{7C476D01-8C99-46C1-9B2D-BB391D805361}.Debug|Any CPU.ActiveCfg = Debug|Any CPU
		{7C476D01-8C99-46C1-9B2D-BB391D805361}.Debug|Any CPU.Build.0 = Debug|Any CPU
		{7C476D01-8C99-46C1-9B2D-BB391D805361}.Release|Any CPU.ActiveCfg = Release|Any CPU
		{7C476D01-8C99-46C1-9B2D-BB391D805361}.Release|Any CPU.Build.0 = Release|Any CPU
	EndGlobalSection
	GlobalSection(SolutionProperties) = preSolution
		HideSolutionNode = FALSE
	EndGlobalSection
	GlobalSection(ExtensibilityGlobals) = postSolution
		SolutionGuid = {59F415E9-8F1D-48DD-B5AD-348BDFAD5ADF}
	EndGlobalSection
EndGlobal
